// !$*UTF8*$!
{
	archiveVersion = 1;
	classes = {
	};
	objectVersion = 56;
	objects = {

/* Begin PBXBuildFile section */
		089528032C5687B5009A5051 /* TwitterCloneApp.swift in Sources */ = {isa = PBXBuildFile; fileRef = 089528022C5687B5009A5051 /* TwitterCloneApp.swift */; };
		089528072C5687B7009A5051 /* Assets.xcassets in Resources */ = {isa = PBXBuildFile; fileRef = 089528062C5687B7009A5051 /* Assets.xcassets */; };
		0895280A2C5687B7009A5051 /* Preview Assets.xcassets in Resources */ = {isa = PBXBuildFile; fileRef = 089528092C5687B7009A5051 /* Preview Assets.xcassets */; };
		089528112C56883C009A5051 /* HomeView.swift in Sources */ = {isa = PBXBuildFile; fileRef = 089528102C56883C009A5051 /* HomeView.swift */; };
		089528142C56894C009A5051 /* PostsView.swift in Sources */ = {isa = PBXBuildFile; fileRef = 089528132C56894C009A5051 /* PostsView.swift */; };
		089528162C568959009A5051 /* NotificationView.swift in Sources */ = {isa = PBXBuildFile; fileRef = 089528152C568959009A5051 /* NotificationView.swift */; };
		089528182C568964009A5051 /* SeachView.swift in Sources */ = {isa = PBXBuildFile; fileRef = 089528172C568964009A5051 /* SeachView.swift */; };
		0895281A2C568971009A5051 /* MessageView.swift in Sources */ = {isa = PBXBuildFile; fileRef = 089528192C568971009A5051 /* MessageView.swift */; };
		0895281D2C568AA2009A5051 /* HeaderView.swift in Sources */ = {isa = PBXBuildFile; fileRef = 0895281C2C568AA2009A5051 /* HeaderView.swift */; };
		0895281F2C568C8D009A5051 /* AddTweetView.swift in Sources */ = {isa = PBXBuildFile; fileRef = 0895281E2C568C8D009A5051 /* AddTweetView.swift */; };
		089528212C568E5E009A5051 /* InteractionView.swift in Sources */ = {isa = PBXBuildFile; fileRef = 089528202C568E5E009A5051 /* InteractionView.swift */; };
		089528242C569083009A5051 /* TweetsView.swift in Sources */ = {isa = PBXBuildFile; fileRef = 089528232C569083009A5051 /* TweetsView.swift */; };
		089528272C56945F009A5051 /* Tweets.swift in Sources */ = {isa = PBXBuildFile; fileRef = 089528262C56945F009A5051 /* Tweets.swift */; };
/* End PBXBuildFile section */

/* Begin PBXFileReference section */
		089527FF2C5687B5009A5051 /* TwitterClone.app */ = {isa = PBXFileReference; explicitFileType = wrapper.application; includeInIndex = 0; path = TwitterClone.app; sourceTree = BUILT_PRODUCTS_DIR; };
		089528022C5687B5009A5051 /* TwitterCloneApp.swift */ = {isa = PBXFileReference; lastKnownFileType = sourcecode.swift; path = TwitterCloneApp.swift; sourceTree = "<group>"; };
		089528062C5687B7009A5051 /* Assets.xcassets */ = {isa = PBXFileReference; lastKnownFileType = folder.assetcatalog; path = Assets.xcassets; sourceTree = "<group>"; };
		089528092C5687B7009A5051 /* Preview Assets.xcassets */ = {isa = PBXFileReference; lastKnownFileType = folder.assetcatalog; path = "Preview Assets.xcassets"; sourceTree = "<group>"; };
		089528102C56883C009A5051 /* HomeView.swift */ = {isa = PBXFileReference; lastKnownFileType = sourcecode.swift; path = HomeView.swift; sourceTree = "<group>"; };
		089528132C56894C009A5051 /* PostsView.swift */ = {isa = PBXFileReference; lastKnownFileType = sourcecode.swift; path = PostsView.swift; sourceTree = "<group>"; };
		089528152C568959009A5051 /* NotificationView.swift */ = {isa = PBXFileReference; lastKnownFileType = sourcecode.swift; path = NotificationView.swift; sourceTree = "<group>"; };
		089528172C568964009A5051 /* SeachView.swift */ = {isa = PBXFileReference; lastKnownFileType = sourcecode.swift; path = SeachView.swift; sourceTree = "<group>"; };
		089528192C568971009A5051 /* MessageView.swift */ = {isa = PBXFileReference; lastKnownFileType = sourcecode.swift; path = MessageView.swift; sourceTree = "<group>"; };
		0895281C2C568AA2009A5051 /* HeaderView.swift */ = {isa = PBXFileReference; lastKnownFileType = sourcecode.swift; path = HeaderView.swift; sourceTree = "<group>"; };
		0895281E2C568C8D009A5051 /* AddTweetView.swift */ = {isa = PBXFileReference; lastKnownFileType = sourcecode.swift; path = AddTweetView.swift; sourceTree = "<group>"; };
		089528202C568E5E009A5051 /* InteractionView.swift */ = {isa = PBXFileReference; lastKnownFileType = sourcecode.swift; path = InteractionView.swift; sourceTree = "<group>"; };
		089528232C569083009A5051 /* TweetsView.swift */ = {isa = PBXFileReference; lastKnownFileType = sourcecode.swift; path = TweetsView.swift; sourceTree = "<group>"; };
		089528262C56945F009A5051 /* Tweets.swift */ = {isa = PBXFileReference; lastKnownFileType = sourcecode.swift; path = Tweets.swift; sourceTree = "<group>"; };
/* End PBXFileReference section */

/* Begin PBXFrameworksBuildPhase section */
		089527FC2C5687B5009A5051 /* Frameworks */ = {
			isa = PBXFrameworksBuildPhase;
			buildActionMask = 2147483647;
			files = (
			);
			runOnlyForDeploymentPostprocessing = 0;
		};
/* End PBXFrameworksBuildPhase section */

/* Begin PBXGroup section */
		089527F62C5687B5009A5051 = {
			isa = PBXGroup;
			children = (
				089528012C5687B5009A5051 /* TwitterClone */,
				089528002C5687B5009A5051 /* Products */,
			);
			sourceTree = "<group>";
		};
		089528002C5687B5009A5051 /* Products */ = {
			isa = PBXGroup;
			children = (
				089527FF2C5687B5009A5051 /* TwitterClone.app */,
			);
			name = Products;
			sourceTree = "<group>";
		};
		089528012C5687B5009A5051 /* TwitterClone */ = {
			isa = PBXGroup;
			children = (
				089528022C5687B5009A5051 /* TwitterCloneApp.swift */,
				089528122C56883F009A5051 /* View */,
				089528252C569450009A5051 /* Model */,
				0895281B2C568A8B009A5051 /* Components */,
				089528062C5687B7009A5051 /* Assets.xcassets */,
				089528082C5687B7009A5051 /* Preview Content */,
			);
			path = TwitterClone;
			sourceTree = "<group>";
		};
		089528082C5687B7009A5051 /* Preview Content */ = {
			isa = PBXGroup;
			children = (
				089528092C5687B7009A5051 /* Preview Assets.xcassets */,
			);
			path = "Preview Content";
			sourceTree = "<group>";
		};
		089528122C56883F009A5051 /* View */ = {
			isa = PBXGroup;
			children = (
				089528102C56883C009A5051 /* HomeView.swift */,
				089528132C56894C009A5051 /* PostsView.swift */,
				089528152C568959009A5051 /* NotificationView.swift */,
				089528172C568964009A5051 /* SeachView.swift */,
				089528192C568971009A5051 /* MessageView.swift */,
			);
			path = View;
			sourceTree = "<group>";
		};
		0895281B2C568A8B009A5051 /* Components */ = {
			isa = PBXGroup;
			children = (
				089528232C569083009A5051 /* TweetsView.swift */,
				0895281C2C568AA2009A5051 /* HeaderView.swift */,
				0895281E2C568C8D009A5051 /* AddTweetView.swift */,
				089528202C568E5E009A5051 /* InteractionView.swift */,
			);
			path = Components;
			sourceTree = "<group>";
		};
		089528252C569450009A5051 /* Model */ = {
			isa = PBXGroup;
			children = (
				089528262C56945F009A5051 /* Tweets.swift */,
			);
			path = Model;
			sourceTree = "<group>";
		};
/* End PBXGroup section */

/* Begin PBXNativeTarget section */
		089527FE2C5687B5009A5051 /* TwitterClone */ = {
			isa = PBXNativeTarget;
			buildConfigurationList = 0895280D2C5687B7009A5051 /* Build configuration list for PBXNativeTarget "TwitterClone" */;
			buildPhases = (
				089527FB2C5687B5009A5051 /* Sources */,
				089527FC2C5687B5009A5051 /* Frameworks */,
				089527FD2C5687B5009A5051 /* Resources */,
			);
			buildRules = (
			);
			dependencies = (
			);
			name = TwitterClone;
			productName = TwitterClone;
			productReference = 089527FF2C5687B5009A5051 /* TwitterClone.app */;
			productType = "com.apple.product-type.application";
		};
/* End PBXNativeTarget section */

/* Begin PBXProject section */
		089527F72C5687B5009A5051 /* Project object */ = {
			isa = PBXProject;
			attributes = {
				BuildIndependentTargetsInParallel = 1;
				LastSwiftUpdateCheck = 1530;
				LastUpgradeCheck = 1530;
				TargetAttributes = {
					089527FE2C5687B5009A5051 = {
						CreatedOnToolsVersion = 15.3;
					};
				};
			};
			buildConfigurationList = 089527FA2C5687B5009A5051 /* Build configuration list for PBXProject "TwitterClone" */;
			compatibilityVersion = "Xcode 14.0";
			developmentRegion = en;
			hasScannedForEncodings = 0;
			knownRegions = (
				en,
				Base,
			);
			mainGroup = 089527F62C5687B5009A5051;
			productRefGroup = 089528002C5687B5009A5051 /* Products */;
			projectDirPath = "";
			projectRoot = "";
			targets = (
				089527FE2C5687B5009A5051 /* TwitterClone */,
			);
		};
/* End PBXProject section */

/* Begin PBXResourcesBuildPhase section */
		089527FD2C5687B5009A5051 /* Resources */ = {
			isa = PBXResourcesBuildPhase;
			buildActionMask = 2147483647;
			files = (
				0895280A2C5687B7009A5051 /* Preview Assets.xcassets in Resources */,
				089528072C5687B7009A5051 /* Assets.xcassets in Resources */,
			);
			runOnlyForDeploymentPostprocessing = 0;
		};
/* End PBXResourcesBuildPhase section */

/* Begin PBXSourcesBuildPhase section */
		089527FB2C5687B5009A5051 /* Sources */ = {
			isa = PBXSourcesBuildPhase;
			buildActionMask = 2147483647;
			files = (
				0895281A2C568971009A5051 /* MessageView.swift in Sources */,
				089528212C568E5E009A5051 /* InteractionView.swift in Sources */,
				089528182C568964009A5051 /* SeachView.swift in Sources */,
				0895281F2C568C8D009A5051 /* AddTweetView.swift in Sources */,
				089528242C569083009A5051 /* TweetsView.swift in Sources */,
				089528032C5687B5009A5051 /* TwitterCloneApp.swift in Sources */,
				089528272C56945F009A5051 /* Tweets.swift in Sources */,
				089528112C56883C009A5051 /* HomeView.swift in Sources */,
				089528142C56894C009A5051 /* PostsView.swift in Sources */,
				089528162C568959009A5051 /* NotificationView.swift in Sources */,
				0895281D2C568AA2009A5051 /* HeaderView.swift in Sources */,
			);
			runOnlyForDeploymentPostprocessing = 0;
		};
/* End PBXSourcesBuildPhase section */

/* Begin XCBuildConfiguration section */
		0895280B2C5687B7009A5051 /* Debug */ = {
			isa = XCBuildConfiguration;
			buildSettings = {
				ALWAYS_SEARCH_USER_PATHS = NO;
				ASSETCATALOG_COMPILER_GENERATE_SWIFT_ASSET_SYMBOL_EXTENSIONS = YES;
				CLANG_ANALYZER_NONNULL = YES;
				CLANG_ANALYZER_NUMBER_OBJECT_CONVERSION = YES_AGGRESSIVE;
				CLANG_CXX_LANGUAGE_STANDARD = "gnu++20";
				CLANG_ENABLE_MODULES = YES;
				CLANG_ENABLE_OBJC_ARC = YES;
				CLANG_ENABLE_OBJC_WEAK = YES;
				CLANG_WARN_BLOCK_CAPTURE_AUTORELEASING = YES;
				CLANG_WARN_BOOL_CONVERSION = YES;
				CLANG_WARN_COMMA = YES;
				CLANG_WARN_CONSTANT_CONVERSION = YES;
				CLANG_WARN_DEPRECATED_OBJC_IMPLEMENTATIONS = YES;
				CLANG_WARN_DIRECT_OBJC_ISA_USAGE = YES_ERROR;
				CLANG_WARN_DOCUMENTATION_COMMENTS = YES;
				CLANG_WARN_EMPTY_BODY = YES;
				CLANG_WARN_ENUM_CONVERSION = YES;
				CLANG_WARN_INFINITE_RECURSION = YES;
				CLANG_WARN_INT_CONVERSION = YES;
				CLANG_WARN_NON_LITERAL_NULL_CONVERSION = YES;
				CLANG_WARN_OBJC_IMPLICIT_RETAIN_SELF = YES;
				CLANG_WARN_OBJC_LITERAL_CONVERSION = YES;
				CLANG_WARN_OBJC_ROOT_CLASS = YES_ERROR;
				CLANG_WARN_QUOTED_INCLUDE_IN_FRAMEWORK_HEADER = YES;
				CLANG_WARN_RANGE_LOOP_ANALYSIS = YES;
				CLANG_WARN_STRICT_PROTOTYPES = YES;
				CLANG_WARN_SUSPICIOUS_MOVE = YES;
				CLANG_WARN_UNGUARDED_AVAILABILITY = YES_AGGRESSIVE;
				CLANG_WARN_UNREACHABLE_CODE = YES;
				CLANG_WARN__DUPLICATE_METHOD_MATCH = YES;
				COPY_PHASE_STRIP = NO;
				DEBUG_INFORMATION_FORMAT = dwarf;
				ENABLE_STRICT_OBJC_MSGSEND = YES;
				ENABLE_TESTABILITY = YES;
				ENABLE_USER_SCRIPT_SANDBOXING = YES;
				GCC_C_LANGUAGE_STANDARD = gnu17;
				GCC_DYNAMIC_NO_PIC = NO;
				GCC_NO_COMMON_BLOCKS = YES;
				GCC_OPTIMIZATION_LEVEL = 0;
				GCC_PREPROCESSOR_DEFINITIONS = (
					"DEBUG=1",
					"$(inherited)",
				);
				GCC_WARN_64_TO_32_BIT_CONVERSION = YES;
				GCC_WARN_ABOUT_RETURN_TYPE = YES_ERROR;
				GCC_WARN_UNDECLARED_SELECTOR = YES;
				GCC_WARN_UNINITIALIZED_AUTOS = YES_AGGRESSIVE;
				GCC_WARN_UNUSED_FUNCTION = YES;
				GCC_WARN_UNUSED_VARIABLE = YES;
				IPHONEOS_DEPLOYMENT_TARGET = 17.4;
				LOCALIZATION_PREFERS_STRING_CATALOGS = YES;
				MTL_ENABLE_DEBUG_INFO = INCLUDE_SOURCE;
				MTL_FAST_MATH = YES;
				ONLY_ACTIVE_ARCH = YES;
				SDKROOT = iphoneos;
				SWIFT_ACTIVE_COMPILATION_CONDITIONS = "DEBUG $(inherited)";
				SWIFT_OPTIMIZATION_LEVEL = "-Onone";
			};
			name = Debug;
		};
		0895280C2C5687B7009A5051 /* Release */ = {
			isa = XCBuildConfiguration;
			buildSettings = {
				ALWAYS_SEARCH_USER_PATHS = NO;
				ASSETCATALOG_COMPILER_GENERATE_SWIFT_ASSET_SYMBOL_EXTENSIONS = YES;
				CLANG_ANALYZER_NONNULL = YES;
				CLANG_ANALYZER_NUMBER_OBJECT_CONVERSION = YES_AGGRESSIVE;
				CLANG_CXX_LANGUAGE_STANDARD = "gnu++20";
				CLANG_ENABLE_MODULES = YES;
				CLANG_ENABLE_OBJC_ARC = YES;
				CLANG_ENABLE_OBJC_WEAK = YES;
				CLANG_WARN_BLOCK_CAPTURE_AUTORELEASING = YES;
				CLANG_WARN_BOOL_CONVERSION = YES;
				CLANG_WARN_COMMA = YES;
				CLANG_WARN_CONSTANT_CONVERSION = YES;
				CLANG_WARN_DEPRECATED_OBJC_IMPLEMENTATIONS = YES;
				CLANG_WARN_DIRECT_OBJC_ISA_USAGE = YES_ERROR;
				CLANG_WARN_DOCUMENTATION_COMMENTS = YES;
				CLANG_WARN_EMPTY_BODY = YES;
				CLANG_WARN_ENUM_CONVERSION = YES;
				CLANG_WARN_INFINITE_RECURSION = YES;
				CLANG_WARN_INT_CONVERSION = YES;
				CLANG_WARN_NON_LITERAL_NULL_CONVERSION = YES;
				CLANG_WARN_OBJC_IMPLICIT_RETAIN_SELF = YES;
				CLANG_WARN_OBJC_LITERAL_CONVERSION = YES;
				CLANG_WARN_OBJC_ROOT_CLASS = YES_ERROR;
				CLANG_WARN_QUOTED_INCLUDE_IN_FRAMEWORK_HEADER = YES;
				CLANG_WARN_RANGE_LOOP_ANALYSIS = YES;
				CLANG_WARN_STRICT_PROTOTYPES = YES;
				CLANG_WARN_SUSPICIOUS_MOVE = YES;
				CLANG_WARN_UNGUARDED_AVAILABILITY = YES_AGGRESSIVE;
				CLANG_WARN_UNREACHABLE_CODE = YES;
				CLANG_WARN__DUPLICATE_METHOD_MATCH = YES;
				COPY_PHASE_STRIP = NO;
				DEBUG_INFORMATION_FORMAT = "dwarf-with-dsym";
				ENABLE_NS_ASSERTIONS = NO;
				ENABLE_STRICT_OBJC_MSGSEND = YES;
				ENABLE_USER_SCRIPT_SANDBOXING = YES;
				GCC_C_LANGUAGE_STANDARD = gnu17;
				GCC_NO_COMMON_BLOCKS = YES;
				GCC_WARN_64_TO_32_BIT_CONVERSION = YES;
				GCC_WARN_ABOUT_RETURN_TYPE = YES_ERROR;
				GCC_WARN_UNDECLARED_SELECTOR = YES;
				GCC_WARN_UNINITIALIZED_AUTOS = YES_AGGRESSIVE;
				GCC_WARN_UNUSED_FUNCTION = YES;
				GCC_WARN_UNUSED_VARIABLE = YES;
				IPHONEOS_DEPLOYMENT_TARGET = 17.4;
				LOCALIZATION_PREFERS_STRING_CATALOGS = YES;
				MTL_ENABLE_DEBUG_INFO = NO;
				MTL_FAST_MATH = YES;
				SDKROOT = iphoneos;
				SWIFT_COMPILATION_MODE = wholemodule;
				VALIDATE_PRODUCT = YES;
			};
			name = Release;
		};
		0895280E2C5687B7009A5051 /* Debug */ = {
			isa = XCBuildConfiguration;
			buildSettings = {
				ASSETCATALOG_COMPILER_APPICON_NAME = AppIcon;
				ASSETCATALOG_COMPILER_GLOBAL_ACCENT_COLOR_NAME = AccentColor;
				CODE_SIGN_STYLE = Automatic;
				CURRENT_PROJECT_VERSION = 1;
				DEVELOPMENT_ASSET_PATHS = "\"TwitterClone/Preview Content\"";
				DEVELOPMENT_TEAM = MH6R63YCRU;
				ENABLE_PREVIEWS = YES;
				GENERATE_INFOPLIST_FILE = YES;
				INFOPLIST_KEY_UIApplicationSceneManifest_Generation = YES;
				INFOPLIST_KEY_UIApplicationSupportsIndirectInputEvents = YES;
				INFOPLIST_KEY_UILaunchScreen_Generation = YES;
				INFOPLIST_KEY_UISupportedInterfaceOrientations_iPad = "UIInterfaceOrientationPortrait UIInterfaceOrientationPortraitUpsideDown UIInterfaceOrientationLandscapeLeft UIInterfaceOrientationLandscapeRight";
				INFOPLIST_KEY_UISupportedInterfaceOrientations_iPhone = "UIInterfaceOrientationPortrait UIInterfaceOrientationLandscapeLeft UIInterfaceOrientationLandscapeRight";
				LD_RUNPATH_SEARCH_PATHS = (
					"$(inherited)",
					"@executable_path/Frameworks",
				);
				MARKETING_VERSION = 1.0;
				PRODUCT_BUNDLE_IDENTIFIER = com.genysis.TwitterClone;
				PRODUCT_NAME = "$(TARGET_NAME)";
				SWIFT_EMIT_LOC_STRINGS = YES;
				SWIFT_VERSION = 5.0;
				TARGETED_DEVICE_FAMILY = "1,2";
			};
			name = Debug;
		};
		0895280F2C5687B7009A5051 /* Release */ = {
			isa = XCBuildConfiguration;
			buildSettings = {
				ASSETCATALOG_COMPILER_APPICON_NAME = AppIcon;
				ASSETCATALOG_COMPILER_GLOBAL_ACCENT_COLOR_NAME = AccentColor;
				CODE_SIGN_STYLE = Automatic;
				CURRENT_PROJECT_VERSION = 1;
				DEVELOPMENT_ASSET_PATHS = "\"TwitterClone/Preview Content\"";
				DEVELOPMENT_TEAM = MH6R63YCRU;
				ENABLE_PREVIEWS = YES;
				GENERATE_INFOPLIST_FILE = YES;
				INFOPLIST_KEY_UIApplicationSceneManifest_Generation = YES;
				INFOPLIST_KEY_UIApplicationSupportsIndirectInputEvents = YES;
				INFOPLIST_KEY_UILaunchScreen_Generation = YES;
				INFOPLIST_KEY_UISupportedInterfaceOrientations_iPad = "UIInterfaceOrientationPortrait UIInterfaceOrientationPortraitUpsideDown UIInterfaceOrientationLandscapeLeft UIInterfaceOrientationLandscapeRight";
				INFOPLIST_KEY_UISupportedInterfaceOrientations_iPhone = "UIInterfaceOrientationPortrait UIInterfaceOrientationLandscapeLeft UIInterfaceOrientationLandscapeRight";
				LD_RUNPATH_SEARCH_PATHS = (
					"$(inherited)",
					"@executable_path/Frameworks",
				);
				MARKETING_VERSION = 1.0;
				PRODUCT_BUNDLE_IDENTIFIER = com.genysis.TwitterClone;
				PRODUCT_NAME = "$(TARGET_NAME)";
				SWIFT_EMIT_LOC_STRINGS = YES;
				SWIFT_VERSION = 5.0;
				TARGETED_DEVICE_FAMILY = "1,2";
			};
			name = Release;
		};
/* End XCBuildConfiguration section */

/* Begin XCConfigurationList section */
		089527FA2C5687B5009A5051 /* Build configuration list for PBXProject "TwitterClone" */ = {
			isa = XCConfigurationList;
			buildConfigurations = (
				0895280B2C5687B7009A5051 /* Debug */,
				0895280C2C5687B7009A5051 /* Release */,
			);
			defaultConfigurationIsVisible = 0;
			defaultConfigurationName = Release;
		};
		0895280D2C5687B7009A5051 /* Build configuration list for PBXNativeTarget "TwitterClone" */ = {
			isa = XCConfigurationList;
			buildConfigurations = (
				0895280E2C5687B7009A5051 /* Debug */,
				0895280F2C5687B7009A5051 /* Release */,
			);
			defaultConfigurationIsVisible = 0;
			defaultConfigurationName = Release;
		};
/* End XCConfigurationList section */
	};
	rootObject = 089527F72C5687B5009A5051 /* Project object */;
}
